{
  "lockfileVersion": 1,
  "configVersion": 1,
  "workspaces": {
    "": {
      "name": "@frostyeti/process",
      "dependencies": {
        "@frostyeti/globals": "0.0.0-alpha.0",
      },
      "devDependencies": {
        "@frostyeti/assert": "0.0.0-alpha.0",
        "@frostyeti/path": "0.0.0-alpha.0",
        "@types/node": "^22.17.0",
        "typescript": "^5.9.3",
      },
    },
  },
  "packages": {
    "@frostyeti/assert": ["@frostyeti/assert@0.0.0-alpha.0", "", {}, "sha512-XqZS17qy+7sceSWzUAdcB6luNusU9PjclYlhjxrnzo9XSuMWw2/iIELasEyhv2w/YSKKw9ibkj7nxVAP0DlIFg=="],

    "@frostyeti/chars": ["@frostyeti/chars@0.0.0-alpha.0", "", {}, "sha512-NesrNZmMU1kb9R6FwI8uluqpbDrKfWlLlvuYoHlZYPKhIs4fPVnMUcLuw9MlJk7yPncZXuFKUPoahUN0U/2adg=="],

    "@frostyeti/globals": ["@frostyeti/globals@0.0.0-alpha.0", "", {}, "sha512-SvxjMSBbCHz1DNlcVk6FjHWj5JwNaWiB8p0RNyJ7pp1YmETC19vQ97TC2xT8mCy1fCt4NqsOlDd37ehBR2MEww=="],

    "@frostyeti/path": ["@frostyeti/path@0.0.0-alpha.0", "", { "dependencies": { "@frostyeti/chars": "0.0.0-alpha.0", "@frostyeti/globals": "0.0.0-alpha.0" } }, "sha512-1AheJXJPluWfJ+1g0VJGVc9r5jmnYZnut1v/P2QucH6KANad9PJ0RiF2iDyOaDF9Rcoea406r7SCQdf6xeLsJA=="],

    "@types/node": ["@types/node@22.19.1", "", { "dependencies": { "undici-types": "~6.21.0" } }, "sha512-LCCV0HdSZZZb34qifBsyWlUmok6W7ouER+oQIGBScS8EsZsQbrtFTUrDX4hOl+CS6p7cnNC4td+qrSVGSCTUfQ=="],

    "typescript": ["typescript@5.9.3", "", { "bin": { "tsc": "bin/tsc", "tsserver": "bin/tsserver" } }, "sha512-jl1vZzPDinLr9eUt3J/t7V6FgNEw9QjvBPdysz9KfQDD41fQrC2Y4vKQdiaUpFT4bXlb1RHhLpp8wtm6M5TgSw=="],

    "undici-types": ["undici-types@6.21.0", "", {}, "sha512-iwDZqg0QAGrg9Rav5H4n0M64c3mkR59cJ6wQp+7C4nI0gsmExaedaYLNO44eT4AtBBwjbTiGPMlt2Md0T9H9JQ=="],
  }
}
