{
  "lockfileVersion": 1,
  "configVersion": 1,
  "workspaces": {
    "": {
      "name": "empty",
    },
    "args": {
      "name": "@frostyeti/args",
      "version": "0.0.0-alpha.0",
      "dependencies": {
        "@frostyeti/chars": "0.0.0-alpha.0",
        "@frostyeti/strings": "0.0.0-alpha.0",
      },
      "devDependencies": {
        "@frostyeti/assert": "0.0.0-alpha.0",
        "@frostyeti/globals": "0.0.0-alpha.0",
        "@types/node": "^22.17.0",
        "typescript": "^5.9.3",
      },
    },
    "assert": {
      "name": "@frostyeti/assert",
      "version": "0.0.0-alpha.0",
      "devDependencies": {
        "@types/node": "^22.14.1",
        "typescript": "^5.9.3",
      },
    },
    "chars": {
      "name": "@frostyeti/chars",
      "version": "0.0.0-alpha.0",
      "devDependencies": {
        "@frostyeti/assert": "0.0.0-alpha.0",
        "@types/node": "^22.17.0",
        "typescript": "^5.9.3",
      },
    },
    "fs": {
      "name": "@frostyeti/fs",
      "version": "0.0.0-alpha.0",
      "dependencies": {
        "@frostyeti/globals": "0.0.0-alpha.0",
        "@frostyeti/path": "0.0.0-alpha.0",
      },
      "devDependencies": {
        "@frostyeti/assert": "0.0.0-alpha.0",
        "@types/node": "^22.17.0",
        "typescript": "^5.9.3",
      },
    },
    "globals": {
      "name": "@frostyeti/globals",
      "version": "0.0.0-alpha.0",
      "devDependencies": {
        "@frostyeti/assert": "0.0.0-alpha.0",
        "@types/node": "^22.17.0",
        "typescript": "^5.9.3",
      },
    },
    "path": {
      "name": "@frostyeti/path",
      "version": "0.0.0-alpha.0",
      "dependencies": {
        "@frostyeti/chars": "0.0.0-alpha.0",
        "@frostyeti/globals": "0.0.0-alpha.0",
      },
      "devDependencies": {
        "@frostyeti/assert": "0.0.0-alpha.0",
        "@types/node": "^22.17.0",
        "typescript": "^5.9.3",
      },
    },
    "process": {
      "name": "@frostyeti/process",
      "version": "0.0.0-alpha.0",
      "dependencies": {
        "@frostyeti/globals": "0.0.0-alpha.0",
      },
      "devDependencies": {
        "@frostyeti/assert": "0.0.0-alpha.0",
        "@frostyeti/path": "0.0.0-alpha.0",
        "@types/node": "^22.17.0",
        "typescript": "^5.9.3",
      },
    },
    "slices": {
      "name": "@frostyeti/slices",
      "version": "0.0.0-alpha.0",
      "dependencies": {
        "@frostyeti/chars": "0.0.0-alpha.0",
        "@frostyeti/globals": "0.0.0-alpha.0",
      },
      "devDependencies": {
        "@frostyeti/assert": "0.0.0-alpha.0",
        "@types/node": "^22.17.0",
        "typescript": "^5.9.3",
      },
    },
    "strings": {
      "name": "@frostyeti/strings",
      "version": "0.0.0-alpha.0",
      "dependencies": {
        "@frostyeti/chars": "0.0.0-alpha.0",
        "@frostyeti/slices": "0.0.0-alpha.0",
      },
      "devDependencies": {
        "@frostyeti/assert": "0.0.0-alpha.0",
        "@types/node": "^22.17.0",
        "typescript": "^5.9.3",
      },
    },
  },
  "packages": {
    "@frostyeti/args": ["@frostyeti/args@workspace:args"],

    "@frostyeti/assert": ["@frostyeti/assert@workspace:assert"],

    "@frostyeti/chars": ["@frostyeti/chars@workspace:chars"],

    "@frostyeti/fs": ["@frostyeti/fs@workspace:fs"],

    "@frostyeti/globals": ["@frostyeti/globals@workspace:globals"],

    "@frostyeti/path": ["@frostyeti/path@workspace:path"],

    "@frostyeti/process": ["@frostyeti/process@workspace:process"],

    "@frostyeti/slices": ["@frostyeti/slices@workspace:slices"],

    "@frostyeti/strings": ["@frostyeti/strings@workspace:strings"],

    "@types/node": ["@types/node@22.19.1", "", { "dependencies": { "undici-types": "~6.21.0" } }, "sha512-LCCV0HdSZZZb34qifBsyWlUmok6W7ouER+oQIGBScS8EsZsQbrtFTUrDX4hOl+CS6p7cnNC4td+qrSVGSCTUfQ=="],

    "typescript": ["typescript@5.9.3", "", { "bin": { "tsc": "bin/tsc", "tsserver": "bin/tsserver" } }, "sha512-jl1vZzPDinLr9eUt3J/t7V6FgNEw9QjvBPdysz9KfQDD41fQrC2Y4vKQdiaUpFT4bXlb1RHhLpp8wtm6M5TgSw=="],

    "undici-types": ["undici-types@6.21.0", "", {}, "sha512-iwDZqg0QAGrg9Rav5H4n0M64c3mkR59cJ6wQp+7C4nI0gsmExaedaYLNO44eT4AtBBwjbTiGPMlt2Md0T9H9JQ=="],
  }
}
